
Microsoft Visual Studio Solution File, Format Version 12.00
# Visual Studio Version 16
VisualStudioVersion = 16.0.29613.14
MinimumVisualStudioVersion = 10.0.40219.1
Project("{FAE04EC0-301F-11D3-BF4B-00C04F79EFBC}") = "Temperatura", "Temperatura\Temperatura.csproj", "{12EDAB4B-028A-49AA-942B-52AEAB08DDB3}"
EndProject
Global
	GlobalSection(SolutionConfigurationPlatforms) = preSolution
		Debug|Any CPU = Debug|Any CPU
		Release|Any CPU = Release|Any CPU
	EndGlobalSection
	GlobalSection(ProjectConfigurationPlatforms) = postSolution
		{12EDAB4B-028A-49AA-942B-52AEAB08DDB3}.Debug|Any CPU.ActiveCfg = Debug|Any CPU
		{12EDAB4B-028A-49AA-942B-52AEAB08DDB3}.Debug|Any CPU.Build.0 = Debug|Any CPU
		{12EDAB4B-028A-49AA-942B-52AEAB08DDB3}.Release|Any CPU.ActiveCfg = Release|Any CPU
		{12EDAB4B-028A-49AA-942B-52AEAB08DDB3}.Release|Any CPU.Build.0 = Release|Any CPU
	EndGlobalSection
	GlobalSection(SolutionProperties) = preSolution
		HideSolutionNode = FALSE
	EndGlobalSection
	GlobalSection(ExtensibilityGlobals) = postSolution
		SolutionGuid = {97D4F0C6-72F8-4D58-A992-126DCA859BDB}
	EndGlobalSection
EndGlobal
