
Microsoft Visual Studio Solution File, Format Version 12.00
# Visual Studio Version 16
VisualStudioVersion = 16.0.29613.14
MinimumVisualStudioVersion = 10.0.40219.1
Project("{FAE04EC0-301F-11D3-BF4B-00C04F79EFBC}") = "WindowsFormos", "WindowsFormos\WindowsFormos.csproj", "{23374232-F231-4673-AAFC-711F9BAC2E87}"
EndProject
Global
	GlobalSection(SolutionConfigurationPlatforms) = preSolution
		Debug|Any CPU = Debug|Any CPU
		Release|Any CPU = Release|Any CPU
	EndGlobalSection
	GlobalSection(ProjectConfigurationPlatforms) = postSolution
		{23374232-F231-4673-AAFC-711F9BAC2E87}.Debug|Any CPU.ActiveCfg = Debug|Any CPU
		{23374232-F231-4673-AAFC-711F9BAC2E87}.Debug|Any CPU.Build.0 = Debug|Any CPU
		{23374232-F231-4673-AAFC-711F9BAC2E87}.Release|Any CPU.ActiveCfg = Release|Any CPU
		{23374232-F231-4673-AAFC-711F9BAC2E87}.Release|Any CPU.Build.0 = Release|Any CPU
	EndGlobalSection
	GlobalSection(SolutionProperties) = preSolution
		HideSolutionNode = FALSE
	EndGlobalSection
	GlobalSection(ExtensibilityGlobals) = postSolution
		SolutionGuid = {4D797E9B-9905-4490-8423-F0F387581ED0}
	EndGlobalSection
EndGlobal
